// !$*UTF8*$!
{
	archiveVersion = 1;
	classes = {
	};
	objectVersion = 56;
	objects = {

/* Begin PBXBuildFile section */
		7614C67E2999CF1600C8DFE5 /* Network.swift in Sources */ = {isa = PBXBuildFile; fileRef = 7614C67D2999CF1500C8DFE5 /* Network.swift */; };
		7614C70729A347D500C8DFE5 /* SmartWidgetManager.swift in Sources */ = {isa = PBXBuildFile; fileRef = 7614C70629A347D500C8DFE5 /* SmartWidgetManager.swift */; };
		7614C70B29A348E300C8DFE5 /* SmartWidgetManager.swift in Sources */ = {isa = PBXBuildFile; fileRef = 7614C70629A347D500C8DFE5 /* SmartWidgetManager.swift */; };
		7614C70C29A348EC00C8DFE5 /* SmartWidgetManager.swift in Sources */ = {isa = PBXBuildFile; fileRef = 7614C70629A347D500C8DFE5 /* SmartWidgetManager.swift */; };
		7614C70D29A348ED00C8DFE5 /* SmartWidgetManager.swift in Sources */ = {isa = PBXBuildFile; fileRef = 7614C70629A347D500C8DFE5 /* SmartWidgetManager.swift */; };
		7614C71029A3621700C8DFE5 /* libSmartWidgetManager.a in Frameworks */ = {isa = PBXBuildFile; fileRef = 7614C70429A347D500C8DFE5 /* libSmartWidgetManager.a */; };
		7614C71429A4916500C8DFE5 /* ContentViewFromWidget.swift in Sources */ = {isa = PBXBuildFile; fileRef = 7614C71329A4916500C8DFE5 /* ContentViewFromWidget.swift */; };
		7614C71529A4916500C8DFE5 /* ContentViewFromWidget.swift in Sources */ = {isa = PBXBuildFile; fileRef = 7614C71329A4916500C8DFE5 /* ContentViewFromWidget.swift */; };
		7614C71929A4946000C8DFE5 /* ContentViewFromDynamicIsland.swift in Sources */ = {isa = PBXBuildFile; fileRef = 7614C71829A4946000C8DFE5 /* ContentViewFromDynamicIsland.swift */; };
		7614C71A29A4946000C8DFE5 /* ContentViewFromDynamicIsland.swift in Sources */ = {isa = PBXBuildFile; fileRef = 7614C71829A4946000C8DFE5 /* ContentViewFromDynamicIsland.swift */; };
		76290AFE2947FA5C0015F41B /* ContentView.swift in Sources */ = {isa = PBXBuildFile; fileRef = 76290AFD2947FA5C0015F41B /* ContentView.swift */; };
		76290B002947FA5D0015F41B /* Assets.xcassets in Resources */ = {isa = PBXBuildFile; fileRef = 76290AFF2947FA5D0015F41B /* Assets.xcassets */; };
		76290B032947FA5D0015F41B /* Preview Assets.xcassets in Resources */ = {isa = PBXBuildFile; fileRef = 76290B022947FA5D0015F41B /* Preview Assets.xcassets */; };
		76290B092947FA5D0015F41B /* Widgets Watch App.app in Embed Watch Content */ = {isa = PBXBuildFile; fileRef = 76290B082947FA5D0015F41B /* Widgets Watch App.app */; settings = {ATTRIBUTES = (RemoveHeadersOnCopy, ); }; };
		76290B0E2947FA5D0015F41B /* WidgetsApp.swift in Sources */ = {isa = PBXBuildFile; fileRef = 76290B0D2947FA5D0015F41B /* WidgetsApp.swift */; };
		76290B102947FA5D0015F41B /* ContentView.swift in Sources */ = {isa = PBXBuildFile; fileRef = 76290B0F2947FA5D0015F41B /* ContentView.swift */; };
		76290B122947FA5E0015F41B /* Assets.xcassets in Resources */ = {isa = PBXBuildFile; fileRef = 76290B112947FA5E0015F41B /* Assets.xcassets */; };
		76290B152947FA5E0015F41B /* Preview Assets.xcassets in Resources */ = {isa = PBXBuildFile; fileRef = 76290B142947FA5E0015F41B /* Preview Assets.xcassets */; };
		763EE8E029484CEA007420AB /* WidgetsApp.swift in Sources */ = {isa = PBXBuildFile; fileRef = 76290AFB2947FA5C0015F41B /* WidgetsApp.swift */; };
		763EE8E629484D79007420AB /* WidgetKit.framework in Frameworks */ = {isa = PBXBuildFile; fileRef = 76290B2829483A9E0015F41B /* WidgetKit.framework */; };
		763EE8E729484D79007420AB /* SwiftUI.framework in Frameworks */ = {isa = PBXBuildFile; fileRef = 76290B2A29483A9E0015F41B /* SwiftUI.framework */; };
		763EE8EA29484D79007420AB /* DynamicIslandWidgetBundle.swift in Sources */ = {isa = PBXBuildFile; fileRef = 763EE8E929484D79007420AB /* DynamicIslandWidgetBundle.swift */; };
		763EE8EC29484D79007420AB /* DynamicIslandWidgetLiveActivity.swift in Sources */ = {isa = PBXBuildFile; fileRef = 763EE8EB29484D79007420AB /* DynamicIslandWidgetLiveActivity.swift */; };
		763EE8F129484D7A007420AB /* Assets.xcassets in Resources */ = {isa = PBXBuildFile; fileRef = 763EE8F029484D7A007420AB /* Assets.xcassets */; };
		763EE8F329484D7A007420AB /* DynamicIslandWidget.intentdefinition in Sources */ = {isa = PBXBuildFile; fileRef = 763EE8EF29484D79007420AB /* DynamicIslandWidget.intentdefinition */; };
		763EE8F429484D7A007420AB /* DynamicIslandWidget.intentdefinition in Sources */ = {isa = PBXBuildFile; fileRef = 763EE8EF29484D79007420AB /* DynamicIslandWidget.intentdefinition */; };
		763EE8F729484D7A007420AB /* DynamicIslandWidgetExtension.appex in Embed Foundation Extensions */ = {isa = PBXBuildFile; fileRef = 763EE8E529484D79007420AB /* DynamicIslandWidgetExtension.appex */; settings = {ATTRIBUTES = (RemoveHeadersOnCopy, ); }; };
		763EE8FB29484E43007420AB /* DynamicIslandWidgetLiveActivity.swift in Sources */ = {isa = PBXBuildFile; fileRef = 763EE8EB29484D79007420AB /* DynamicIslandWidgetLiveActivity.swift */; };
		76CAD152296E7E3C00159CF4 /* SmartWidget.swift in Sources */ = {isa = PBXBuildFile; fileRef = 76CAD151296E7E3C00159CF4 /* SmartWidget.swift */; };
		76CAD153296E7E3C00159CF4 /* SmartWidget.swift in Sources */ = {isa = PBXBuildFile; fileRef = 76CAD151296E7E3C00159CF4 /* SmartWidget.swift */; };
		76CAD155296E7EA700159CF4 /* WidgetProvider.swift in Sources */ = {isa = PBXBuildFile; fileRef = 76CAD154296E7EA700159CF4 /* WidgetProvider.swift */; };
		76CAD156296E7EA700159CF4 /* WidgetProvider.swift in Sources */ = {isa = PBXBuildFile; fileRef = 76CAD154296E7EA700159CF4 /* WidgetProvider.swift */; };
		76CAD15B296E7ECE00159CF4 /* WidgetEntry.swift in Sources */ = {isa = PBXBuildFile; fileRef = 76CAD15A296E7ECE00159CF4 /* WidgetEntry.swift */; };
		76CAD15C296E7ECE00159CF4 /* WidgetEntry.swift in Sources */ = {isa = PBXBuildFile; fileRef = 76CAD15A296E7ECE00159CF4 /* WidgetEntry.swift */; };
		76CAD15E296E7EE700159CF4 /* WidgetEntryView.swift in Sources */ = {isa = PBXBuildFile; fileRef = 76CAD15D296E7EE700159CF4 /* WidgetEntryView.swift */; };
		76CAD15F296E7EE700159CF4 /* WidgetEntryView.swift in Sources */ = {isa = PBXBuildFile; fileRef = 76CAD15D296E7EE700159CF4 /* WidgetEntryView.swift */; };
		76CAD169296E81EC00159CF4 /* CodeGenerator.swift in Sources */ = {isa = PBXBuildFile; fileRef = 76CAD168296E81EC00159CF4 /* CodeGenerator.swift */; };
		76CAD16A296E81EC00159CF4 /* CodeGenerator.swift in Sources */ = {isa = PBXBuildFile; fileRef = 76CAD168296E81EC00159CF4 /* CodeGenerator.swift */; };
		76D1373729B0709C001D0E3E /* SmartLiveManager.swift in Sources */ = {isa = PBXBuildFile; fileRef = 76D1373629B0709C001D0E3E /* SmartLiveManager.swift */; };
		76D1373829B0709C001D0E3E /* SmartLiveManager.swift in Sources */ = {isa = PBXBuildFile; fileRef = 76D1373629B0709C001D0E3E /* SmartLiveManager.swift */; };
		76D1373929B0709C001D0E3E /* SmartLiveManager.swift in Sources */ = {isa = PBXBuildFile; fileRef = 76D1373629B0709C001D0E3E /* SmartLiveManager.swift */; };
		76D1373A29B07298001D0E3E /* DynamicIslandWidgetLiveActivity.swift in Sources */ = {isa = PBXBuildFile; fileRef = 763EE8EB29484D79007420AB /* DynamicIslandWidgetLiveActivity.swift */; };
		76D13B5329C1ACD8001D0E3E /* ImageFileManager.swift in Sources */ = {isa = PBXBuildFile; fileRef = 76D13B5229C1ACD8001D0E3E /* ImageFileManager.swift */; };
		76D13B9629C1BF1D001D0E3E /* Extension.swift in Sources */ = {isa = PBXBuildFile; fileRef = 76D13B9529C1BF1D001D0E3E /* Extension.swift */; };
		76D13B9729C1BF1D001D0E3E /* Extension.swift in Sources */ = {isa = PBXBuildFile; fileRef = 76D13B9529C1BF1D001D0E3E /* Extension.swift */; };
		76D13B9929C1C1FC001D0E3E /* Extension.swift in Sources */ = {isa = PBXBuildFile; fileRef = 76D13B9529C1BF1D001D0E3E /* Extension.swift */; };
		76D13B9C29C2D432001D0E3E /* CustomDynamicProgressView.swift in Sources */ = {isa = PBXBuildFile; fileRef = 76D13B9B29C2D432001D0E3E /* CustomDynamicProgressView.swift */; };
		76D13B9F29C2D7DD001D0E3E /* ProgressConfig.swift in Sources */ = {isa = PBXBuildFile; fileRef = 76D13B9E29C2D7DD001D0E3E /* ProgressConfig.swift */; };
/* End PBXBuildFile section */

/* Begin PBXContainerItemProxy section */
		7614C71129A3621800C8DFE5 /* PBXContainerItemProxy */ = {
			isa = PBXContainerItemProxy;
			containerPortal = 76290AF02947FA5B0015F41B /* Project object */;
			proxyType = 1;
			remoteGlobalIDString = 7614C70329A347D500C8DFE5;
			remoteInfo = SmartWidget;
		};
		76290B0A2947FA5D0015F41B /* PBXContainerItemProxy */ = {
			isa = PBXContainerItemProxy;
			containerPortal = 76290AF02947FA5B0015F41B /* Project object */;
			proxyType = 1;
			remoteGlobalIDString = 76290B072947FA5D0015F41B;
			remoteInfo = "Widgets Watch App";
		};
		763EE8F529484D7A007420AB /* PBXContainerItemProxy */ = {
			isa = PBXContainerItemProxy;
			containerPortal = 76290AF02947FA5B0015F41B /* Project object */;
			proxyType = 1;
			remoteGlobalIDString = 763EE8E429484D79007420AB;
			remoteInfo = DynamicIslandWidgetExtension;
		};
/* End PBXContainerItemProxy section */

/* Begin PBXCopyFilesBuildPhase section */
		7614C70229A347D500C8DFE5 /* CopyFiles */ = {
			isa = PBXCopyFilesBuildPhase;
			buildActionMask = 2147483647;
			dstPath = "include/$(PRODUCT_NAME)";
			dstSubfolderSpec = 16;
			files = (
			);
			runOnlyForDeploymentPostprocessing = 0;
		};
		76290B1B2947FA5E0015F41B /* Embed Watch Content */ = {
			isa = PBXCopyFilesBuildPhase;
			buildActionMask = 2147483647;
			dstPath = "$(CONTENTS_FOLDER_PATH)/Watch";
			dstSubfolderSpec = 16;
			files = (
				76290B092947FA5D0015F41B /* Widgets Watch App.app in Embed Watch Content */,
			);
			name = "Embed Watch Content";
			runOnlyForDeploymentPostprocessing = 0;
		};
		76290B3B29483A9F0015F41B /* Embed Foundation Extensions */ = {
			isa = PBXCopyFilesBuildPhase;
			buildActionMask = 2147483647;
			dstPath = "";
			dstSubfolderSpec = 13;
			files = (
				763EE8F729484D7A007420AB /* DynamicIslandWidgetExtension.appex in Embed Foundation Extensions */,
			);
			name = "Embed Foundation Extensions";
			runOnlyForDeploymentPostprocessing = 0;
		};
		764E29AA29ADE7310079963C /* Embed Frameworks */ = {
			isa = PBXCopyFilesBuildPhase;
			buildActionMask = 2147483647;
			dstPath = "";
			dstSubfolderSpec = 10;
			files = (
			);
			name = "Embed Frameworks";
			runOnlyForDeploymentPostprocessing = 0;
		};
/* End PBXCopyFilesBuildPhase section */

/* Begin PBXFileReference section */
		7614C67D2999CF1500C8DFE5 /* Network.swift */ = {isa = PBXFileReference; lastKnownFileType = sourcecode.swift; path = Network.swift; sourceTree = "<group>"; };
		7614C70429A347D500C8DFE5 /* libSmartWidgetManager.a */ = {isa = PBXFileReference; explicitFileType = archive.ar; includeInIndex = 0; path = libSmartWidgetManager.a; sourceTree = BUILT_PRODUCTS_DIR; };
		7614C70629A347D500C8DFE5 /* SmartWidgetManager.swift */ = {isa = PBXFileReference; lastKnownFileType = sourcecode.swift; path = SmartWidgetManager.swift; sourceTree = "<group>"; };
		7614C71329A4916500C8DFE5 /* ContentViewFromWidget.swift */ = {isa = PBXFileReference; lastKnownFileType = sourcecode.swift; path = ContentViewFromWidget.swift; sourceTree = "<group>"; };
		7614C71829A4946000C8DFE5 /* ContentViewFromDynamicIsland.swift */ = {isa = PBXFileReference; lastKnownFileType = sourcecode.swift; path = ContentViewFromDynamicIsland.swift; sourceTree = "<group>"; };
		76290AF82947FA5C0015F41B /* Widgets.app */ = {isa = PBXFileReference; explicitFileType = wrapper.application; includeInIndex = 0; path = Widgets.app; sourceTree = BUILT_PRODUCTS_DIR; };
		76290AFB2947FA5C0015F41B /* WidgetsApp.swift */ = {isa = PBXFileReference; lastKnownFileType = sourcecode.swift; path = WidgetsApp.swift; sourceTree = "<group>"; };
		76290AFD2947FA5C0015F41B /* ContentView.swift */ = {isa = PBXFileReference; lastKnownFileType = sourcecode.swift; path = ContentView.swift; sourceTree = "<group>"; };
		76290AFF2947FA5D0015F41B /* Assets.xcassets */ = {isa = PBXFileReference; lastKnownFileType = folder.assetcatalog; path = Assets.xcassets; sourceTree = "<group>"; };
		76290B022947FA5D0015F41B /* Preview Assets.xcassets */ = {isa = PBXFileReference; lastKnownFileType = folder.assetcatalog; path = "Preview Assets.xcassets"; sourceTree = "<group>"; };
		76290B082947FA5D0015F41B /* Widgets Watch App.app */ = {isa = PBXFileReference; explicitFileType = wrapper.application; includeInIndex = 0; path = "Widgets Watch App.app"; sourceTree = BUILT_PRODUCTS_DIR; };
		76290B0D2947FA5D0015F41B /* WidgetsApp.swift */ = {isa = PBXFileReference; lastKnownFileType = sourcecode.swift; path = WidgetsApp.swift; sourceTree = "<group>"; };
		76290B0F2947FA5D0015F41B /* ContentView.swift */ = {isa = PBXFileReference; lastKnownFileType = sourcecode.swift; path = ContentView.swift; sourceTree = "<group>"; };
		76290B112947FA5E0015F41B /* Assets.xcassets */ = {isa = PBXFileReference; lastKnownFileType = folder.assetcatalog; path = Assets.xcassets; sourceTree = "<group>"; };
		76290B142947FA5E0015F41B /* Preview Assets.xcassets */ = {isa = PBXFileReference; lastKnownFileType = folder.assetcatalog; path = "Preview Assets.xcassets"; sourceTree = "<group>"; };
		76290B2129483A0C0015F41B /* Info.plist */ = {isa = PBXFileReference; lastKnownFileType = text.plist; path = Info.plist; sourceTree = "<group>"; };
		76290B2829483A9E0015F41B /* WidgetKit.framework */ = {isa = PBXFileReference; lastKnownFileType = wrapper.framework; name = WidgetKit.framework; path = System/Library/Frameworks/WidgetKit.framework; sourceTree = SDKROOT; };
		76290B2A29483A9E0015F41B /* SwiftUI.framework */ = {isa = PBXFileReference; lastKnownFileType = wrapper.framework; name = SwiftUI.framework; path = System/Library/Frameworks/SwiftUI.framework; sourceTree = SDKROOT; };
		763EE8E529484D79007420AB /* DynamicIslandWidgetExtension.appex */ = {isa = PBXFileReference; explicitFileType = "wrapper.app-extension"; includeInIndex = 0; path = DynamicIslandWidgetExtension.appex; sourceTree = BUILT_PRODUCTS_DIR; };
		763EE8E929484D79007420AB /* DynamicIslandWidgetBundle.swift */ = {isa = PBXFileReference; lastKnownFileType = sourcecode.swift; path = DynamicIslandWidgetBundle.swift; sourceTree = "<group>"; };
		763EE8EB29484D79007420AB /* DynamicIslandWidgetLiveActivity.swift */ = {isa = PBXFileReference; lastKnownFileType = sourcecode.swift; path = DynamicIslandWidgetLiveActivity.swift; sourceTree = "<group>"; };
		763EE8EF29484D79007420AB /* DynamicIslandWidget.intentdefinition */ = {isa = PBXFileReference; lastKnownFileType = file.intentdefinition; path = DynamicIslandWidget.intentdefinition; sourceTree = "<group>"; };
		763EE8F029484D7A007420AB /* Assets.xcassets */ = {isa = PBXFileReference; lastKnownFileType = folder.assetcatalog; path = Assets.xcassets; sourceTree = "<group>"; };
		763EE8F229484D7A007420AB /* Info.plist */ = {isa = PBXFileReference; lastKnownFileType = text.plist.xml; path = Info.plist; sourceTree = "<group>"; };
		76CAD149296E767700159CF4 /* Widgets.entitlements */ = {isa = PBXFileReference; lastKnownFileType = text.plist.entitlements; path = Widgets.entitlements; sourceTree = "<group>"; };
		76CAD14A296E769F00159CF4 /* DynamicIslandWidgetExtension.entitlements */ = {isa = PBXFileReference; lastKnownFileType = text.plist.entitlements; path = DynamicIslandWidgetExtension.entitlements; sourceTree = "<group>"; };
		76CAD151296E7E3C00159CF4 /* SmartWidget.swift */ = {isa = PBXFileReference; lastKnownFileType = sourcecode.swift; path = SmartWidget.swift; sourceTree = "<group>"; };
		76CAD154296E7EA700159CF4 /* WidgetProvider.swift */ = {isa = PBXFileReference; lastKnownFileType = sourcecode.swift; path = WidgetProvider.swift; sourceTree = "<group>"; };
		76CAD15A296E7ECE00159CF4 /* WidgetEntry.swift */ = {isa = PBXFileReference; lastKnownFileType = sourcecode.swift; path = WidgetEntry.swift; sourceTree = "<group>"; };
		76CAD15D296E7EE700159CF4 /* WidgetEntryView.swift */ = {isa = PBXFileReference; lastKnownFileType = sourcecode.swift; path = WidgetEntryView.swift; sourceTree = "<group>"; };
		76CAD168296E81EC00159CF4 /* CodeGenerator.swift */ = {isa = PBXFileReference; lastKnownFileType = sourcecode.swift; path = CodeGenerator.swift; sourceTree = "<group>"; };
		76D1373629B0709C001D0E3E /* SmartLiveManager.swift */ = {isa = PBXFileReference; lastKnownFileType = sourcecode.swift; path = SmartLiveManager.swift; sourceTree = "<group>"; };
		76D13B5229C1ACD8001D0E3E /* ImageFileManager.swift */ = {isa = PBXFileReference; lastKnownFileType = sourcecode.swift; path = ImageFileManager.swift; sourceTree = "<group>"; };
		76D13B9529C1BF1D001D0E3E /* Extension.swift */ = {isa = PBXFileReference; lastKnownFileType = sourcecode.swift; path = Extension.swift; sourceTree = "<group>"; };
		76D13B9B29C2D432001D0E3E /* CustomDynamicProgressView.swift */ = {isa = PBXFileReference; lastKnownFileType = sourcecode.swift; path = CustomDynamicProgressView.swift; sourceTree = "<group>"; };
		76D13B9E29C2D7DD001D0E3E /* ProgressConfig.swift */ = {isa = PBXFileReference; lastKnownFileType = sourcecode.swift; path = ProgressConfig.swift; sourceTree = "<group>"; };
/* End PBXFileReference section */

/* Begin PBXFrameworksBuildPhase section */
		7614C70129A347D500C8DFE5 /* Frameworks */ = {
			isa = PBXFrameworksBuildPhase;
			buildActionMask = 2147483647;
			files = (
			);
			runOnlyForDeploymentPostprocessing = 0;
		};
		76290AF52947FA5C0015F41B /* Frameworks */ = {
			isa = PBXFrameworksBuildPhase;
			buildActionMask = 2147483647;
			files = (
				7614C71029A3621700C8DFE5 /* libSmartWidgetManager.a in Frameworks */,
			);
			runOnlyForDeploymentPostprocessing = 0;
		};
		76290B052947FA5D0015F41B /* Frameworks */ = {
			isa = PBXFrameworksBuildPhase;
			buildActionMask = 2147483647;
			files = (
			);
			runOnlyForDeploymentPostprocessing = 0;
		};
		763EE8E229484D79007420AB /* Frameworks */ = {
			isa = PBXFrameworksBuildPhase;
			buildActionMask = 2147483647;
			files = (
				763EE8E729484D79007420AB /* SwiftUI.framework in Frameworks */,
				763EE8E629484D79007420AB /* WidgetKit.framework in Frameworks */,
			);
			runOnlyForDeploymentPostprocessing = 0;
		};
/* End PBXFrameworksBuildPhase section */

/* Begin PBXGroup section */
		7614C70529A347D500C8DFE5 /* SmartWidgetManager */ = {
			isa = PBXGroup;
			children = (
				76D13BA229C85DE9001D0E3E /* Widget */,
				76D13BA129C85DDD001D0E3E /* LiveActivity */,
				76D13BA029C85DCE001D0E3E /* Helper */,
			);
			path = SmartWidgetManager;
			sourceTree = "<group>";
		};
		76290AEF2947FA5B0015F41B = {
			isa = PBXGroup;
			children = (
				76CAD14A296E769F00159CF4 /* DynamicIslandWidgetExtension.entitlements */,
				76290AFA2947FA5C0015F41B /* Widgets */,
				76290B0C2947FA5D0015F41B /* Widgets Watch App */,
				763EE8E829484D79007420AB /* DynamicIslandWidget */,
				7614C70529A347D500C8DFE5 /* SmartWidgetManager */,
				76290B2729483A9E0015F41B /* Frameworks */,
				76290AF92947FA5C0015F41B /* Products */,
			);
			sourceTree = "<group>";
		};
		76290AF92947FA5C0015F41B /* Products */ = {
			isa = PBXGroup;
			children = (
				76290AF82947FA5C0015F41B /* Widgets.app */,
				76290B082947FA5D0015F41B /* Widgets Watch App.app */,
				763EE8E529484D79007420AB /* DynamicIslandWidgetExtension.appex */,
				7614C70429A347D500C8DFE5 /* libSmartWidgetManager.a */,
			);
			name = Products;
			sourceTree = "<group>";
		};
		76290AFA2947FA5C0015F41B /* Widgets */ = {
			isa = PBXGroup;
			children = (
				76CAD163296E80A800159CF4 /* Model */,
				76D13B9A29C2D3F3001D0E3E /* View */,
				76CAD167296E81D100159CF4 /* SmartLib */,
				76CAD149296E767700159CF4 /* Widgets.entitlements */,
				76290B2129483A0C0015F41B /* Info.plist */,
				76290AFB2947FA5C0015F41B /* WidgetsApp.swift */,
				76290AFD2947FA5C0015F41B /* ContentView.swift */,
				76D13B5229C1ACD8001D0E3E /* ImageFileManager.swift */,
				7614C71329A4916500C8DFE5 /* ContentViewFromWidget.swift */,
				7614C71829A4946000C8DFE5 /* ContentViewFromDynamicIsland.swift */,
				7614C67D2999CF1500C8DFE5 /* Network.swift */,
				76290AFF2947FA5D0015F41B /* Assets.xcassets */,
				76290B012947FA5D0015F41B /* Preview Content */,
			);
			path = Widgets;
			sourceTree = "<group>";
		};
		76290B012947FA5D0015F41B /* Preview Content */ = {
			isa = PBXGroup;
			children = (
				76290B022947FA5D0015F41B /* Preview Assets.xcassets */,
			);
			path = "Preview Content";
			sourceTree = "<group>";
		};
		76290B0C2947FA5D0015F41B /* Widgets Watch App */ = {
			isa = PBXGroup;
			children = (
				76290B0D2947FA5D0015F41B /* WidgetsApp.swift */,
				76290B0F2947FA5D0015F41B /* ContentView.swift */,
				76290B112947FA5E0015F41B /* Assets.xcassets */,
				76290B132947FA5E0015F41B /* Preview Content */,
			);
			path = "Widgets Watch App";
			sourceTree = "<group>";
		};
		76290B132947FA5E0015F41B /* Preview Content */ = {
			isa = PBXGroup;
			children = (
				76290B142947FA5E0015F41B /* Preview Assets.xcassets */,
			);
			path = "Preview Content";
			sourceTree = "<group>";
		};
		76290B2729483A9E0015F41B /* Frameworks */ = {
			isa = PBXGroup;
			children = (
				76290B2829483A9E0015F41B /* WidgetKit.framework */,
				76290B2A29483A9E0015F41B /* SwiftUI.framework */,
			);
			name = Frameworks;
			sourceTree = "<group>";
		};
		763EE8E829484D79007420AB /* DynamicIslandWidget */ = {
			isa = PBXGroup;
			children = (
				76CAD14E296E7DCE00159CF4 /* Widget */,
				763EE8E929484D79007420AB /* DynamicIslandWidgetBundle.swift */,
				763EE8EB29484D79007420AB /* DynamicIslandWidgetLiveActivity.swift */,
				763EE8EF29484D79007420AB /* DynamicIslandWidget.intentdefinition */,
				763EE8F029484D7A007420AB /* Assets.xcassets */,
				763EE8F229484D7A007420AB /* Info.plist */,
			);
			path = DynamicIslandWidget;
			sourceTree = "<group>";
		};
		76CAD14E296E7DCE00159CF4 /* Widget */ = {
			isa = PBXGroup;
			children = (
				76CAD151296E7E3C00159CF4 /* SmartWidget.swift */,
				76CAD14F296E7E0600159CF4 /* Provider */,
				76CAD150296E7E1A00159CF4 /* ViewContent */,
			);
			path = Widget;
			sourceTree = "<group>";
		};
		76CAD14F296E7E0600159CF4 /* Provider */ = {
			isa = PBXGroup;
			children = (
				76CAD154296E7EA700159CF4 /* WidgetProvider.swift */,
				76CAD15A296E7ECE00159CF4 /* WidgetEntry.swift */,
			);
			path = Provider;
			sourceTree = "<group>";
		};
		76CAD150296E7E1A00159CF4 /* ViewContent */ = {
			isa = PBXGroup;
			children = (
				76CAD15D296E7EE700159CF4 /* WidgetEntryView.swift */,
			);
			path = ViewContent;
			sourceTree = "<group>";
		};
		76CAD163296E80A800159CF4 /* Model */ = {
			isa = PBXGroup;
			children = (
			);
			path = Model;
			sourceTree = "<group>";
		};
		76CAD167296E81D100159CF4 /* SmartLib */ = {
			isa = PBXGroup;
			children = (
				76CAD168296E81EC00159CF4 /* CodeGenerator.swift */,
			);
			path = SmartLib;
			sourceTree = "<group>";
		};
		76D13B9A29C2D3F3001D0E3E /* View */ = {
			isa = PBXGroup;
			children = (
			);
			path = View;
			sourceTree = "<group>";
		};
		76D13BA029C85DCE001D0E3E /* Helper */ = {
			isa = PBXGroup;
			children = (
				76D13B9529C1BF1D001D0E3E /* Extension.swift */,
			);
			path = Helper;
			sourceTree = "<group>";
		};
		76D13BA129C85DDD001D0E3E /* LiveActivity */ = {
			isa = PBXGroup;
			children = (
				76D13BA329CACCB5001D0E3E /* CustomDynamicIsland */,
				76D1373629B0709C001D0E3E /* SmartLiveManager.swift */,
			);
			path = LiveActivity;
			sourceTree = "<group>";
		};
		76D13BA229C85DE9001D0E3E /* Widget */ = {
			isa = PBXGroup;
			children = (
				7614C70629A347D500C8DFE5 /* SmartWidgetManager.swift */,
			);
			path = Widget;
			sourceTree = "<group>";
		};
		76D13BA329CACCB5001D0E3E /* CustomDynamicIsland */ = {
			isa = PBXGroup;
			children = (
				76D13B9E29C2D7DD001D0E3E /* ProgressConfig.swift */,
				76D13B9B29C2D432001D0E3E /* CustomDynamicProgressView.swift */,
			);
			path = CustomDynamicIsland;
			sourceTree = "<group>";
		};
/* End PBXGroup section */

/* Begin PBXNativeTarget section */
		7614C70329A347D500C8DFE5 /* SmartWidgetManager */ = {
			isa = PBXNativeTarget;
			buildConfigurationList = 7614C70829A347D500C8DFE5 /* Build configuration list for PBXNativeTarget "SmartWidgetManager" */;
			buildPhases = (
				7614C70029A347D500C8DFE5 /* Sources */,
				7614C70129A347D500C8DFE5 /* Frameworks */,
				7614C70229A347D500C8DFE5 /* CopyFiles */,
			);
			buildRules = (
			);
			dependencies = (
			);
			name = SmartWidgetManager;
			productName = SmartWidget;
			productReference = 7614C70429A347D500C8DFE5 /* libSmartWidgetManager.a */;
			productType = "com.apple.product-type.library.static";
		};
		76290AF72947FA5C0015F41B /* Widgets */ = {
			isa = PBXNativeTarget;
			buildConfigurationList = 76290B1C2947FA5E0015F41B /* Build configuration list for PBXNativeTarget "Widgets" */;
			buildPhases = (
				76290AF42947FA5C0015F41B /* Sources */,
				76290AF52947FA5C0015F41B /* Frameworks */,
				76290AF62947FA5C0015F41B /* Resources */,
				76290B1B2947FA5E0015F41B /* Embed Watch Content */,
				76290B3B29483A9F0015F41B /* Embed Foundation Extensions */,
				764E29AA29ADE7310079963C /* Embed Frameworks */,
			);
			buildRules = (
			);
			dependencies = (
				76290B0B2947FA5D0015F41B /* PBXTargetDependency */,
				763EE8F629484D7A007420AB /* PBXTargetDependency */,
				7614C71229A3621800C8DFE5 /* PBXTargetDependency */,
			);
			name = Widgets;
			productName = Widgets;
			productReference = 76290AF82947FA5C0015F41B /* Widgets.app */;
			productType = "com.apple.product-type.application";
		};
		76290B072947FA5D0015F41B /* Widgets Watch App */ = {
			isa = PBXNativeTarget;
			buildConfigurationList = 76290B182947FA5E0015F41B /* Build configuration list for PBXNativeTarget "Widgets Watch App" */;
			buildPhases = (
				76290B042947FA5D0015F41B /* Sources */,
				76290B052947FA5D0015F41B /* Frameworks */,
				76290B062947FA5D0015F41B /* Resources */,
			);
			buildRules = (
			);
			dependencies = (
			);
			name = "Widgets Watch App";
			productName = "Widgets Watch App";
			productReference = 76290B082947FA5D0015F41B /* Widgets Watch App.app */;
			productType = "com.apple.product-type.application";
		};
		763EE8E429484D79007420AB /* DynamicIslandWidgetExtension */ = {
			isa = PBXNativeTarget;
			buildConfigurationList = 763EE8F829484D7A007420AB /* Build configuration list for PBXNativeTarget "DynamicIslandWidgetExtension" */;
			buildPhases = (
				763EE8E129484D79007420AB /* Sources */,
				763EE8E229484D79007420AB /* Frameworks */,
				763EE8E329484D79007420AB /* Resources */,
			);
			buildRules = (
			);
			dependencies = (
			);
			name = DynamicIslandWidgetExtension;
			productName = DynamicIslandWidgetExtension;
			productReference = 763EE8E529484D79007420AB /* DynamicIslandWidgetExtension.appex */;
			productType = "com.apple.product-type.app-extension";
		};
/* End PBXNativeTarget section */

/* Begin PBXProject section */
		76290AF02947FA5B0015F41B /* Project object */ = {
			isa = PBXProject;
			attributes = {
				BuildIndependentTargetsInParallel = 1;
				LastSwiftUpdateCheck = 1410;
				LastUpgradeCheck = 1400;
				TargetAttributes = {
					7614C70329A347D500C8DFE5 = {
						CreatedOnToolsVersion = 14.1;
					};
					76290AF72947FA5C0015F41B = {
						CreatedOnToolsVersion = 14.0;
					};
					76290B072947FA5D0015F41B = {
						CreatedOnToolsVersion = 14.0;
					};
					763EE8E429484D79007420AB = {
						CreatedOnToolsVersion = 14.1;
					};
				};
			};
			buildConfigurationList = 76290AF32947FA5B0015F41B /* Build configuration list for PBXProject "Widgets" */;
			compatibilityVersion = "Xcode 14.0";
			developmentRegion = en;
			hasScannedForEncodings = 0;
			knownRegions = (
				en,
				Base,
			);
			mainGroup = 76290AEF2947FA5B0015F41B;
			productRefGroup = 76290AF92947FA5C0015F41B /* Products */;
			projectDirPath = "";
			projectRoot = "";
			targets = (
				76290AF72947FA5C0015F41B /* Widgets */,
				76290B072947FA5D0015F41B /* Widgets Watch App */,
				763EE8E429484D79007420AB /* DynamicIslandWidgetExtension */,
				7614C70329A347D500C8DFE5 /* SmartWidgetManager */,
			);
		};
/* End PBXProject section */

/* Begin PBXResourcesBuildPhase section */
		76290AF62947FA5C0015F41B /* Resources */ = {
			isa = PBXResourcesBuildPhase;
			buildActionMask = 2147483647;
			files = (
				76290B032947FA5D0015F41B /* Preview Assets.xcassets in Resources */,
				76290B002947FA5D0015F41B /* Assets.xcassets in Resources */,
			);
			runOnlyForDeploymentPostprocessing = 0;
		};
		76290B062947FA5D0015F41B /* Resources */ = {
			isa = PBXResourcesBuildPhase;
			buildActionMask = 2147483647;
			files = (
				76290B152947FA5E0015F41B /* Preview Assets.xcassets in Resources */,
				76290B122947FA5E0015F41B /* Assets.xcassets in Resources */,
			);
			runOnlyForDeploymentPostprocessing = 0;
		};
		763EE8E329484D79007420AB /* Resources */ = {
			isa = PBXResourcesBuildPhase;
			buildActionMask = 2147483647;
			files = (
				763EE8F129484D7A007420AB /* Assets.xcassets in Resources */,
			);
			runOnlyForDeploymentPostprocessing = 0;
		};
/* End PBXResourcesBuildPhase section */

/* Begin PBXSourcesBuildPhase section */
		7614C70029A347D500C8DFE5 /* Sources */ = {
			isa = PBXSourcesBuildPhase;
			buildActionMask = 2147483647;
			files = (
				7614C70729A347D500C8DFE5 /* SmartWidgetManager.swift in Sources */,
				76D1373929B0709C001D0E3E /* SmartLiveManager.swift in Sources */,
				76D1373A29B07298001D0E3E /* DynamicIslandWidgetLiveActivity.swift in Sources */,
				76D13B9929C1C1FC001D0E3E /* Extension.swift in Sources */,
			);
			runOnlyForDeploymentPostprocessing = 0;
		};
		76290AF42947FA5C0015F41B /* Sources */ = {
			isa = PBXSourcesBuildPhase;
			buildActionMask = 2147483647;
			files = (
				76CAD155296E7EA700159CF4 /* WidgetProvider.swift in Sources */,
				76CAD15E296E7EE700159CF4 /* WidgetEntryView.swift in Sources */,
				76290AFE2947FA5C0015F41B /* ContentView.swift in Sources */,
				763EE8FB29484E43007420AB /* DynamicIslandWidgetLiveActivity.swift in Sources */,
				76D1373729B0709C001D0E3E /* SmartLiveManager.swift in Sources */,
				76CAD15B296E7ECE00159CF4 /* WidgetEntry.swift in Sources */,
				76D13B9F29C2D7DD001D0E3E /* ProgressConfig.swift in Sources */,
				76D13B5329C1ACD8001D0E3E /* ImageFileManager.swift in Sources */,
				76CAD152296E7E3C00159CF4 /* SmartWidget.swift in Sources */,
				763EE8F429484D7A007420AB /* DynamicIslandWidget.intentdefinition in Sources */,
				7614C71429A4916500C8DFE5 /* ContentViewFromWidget.swift in Sources */,
				76CAD169296E81EC00159CF4 /* CodeGenerator.swift in Sources */,
				76D13B9629C1BF1D001D0E3E /* Extension.swift in Sources */,
				7614C71929A4946000C8DFE5 /* ContentViewFromDynamicIsland.swift in Sources */,
				7614C67E2999CF1600C8DFE5 /* Network.swift in Sources */,
				76D13B9C29C2D432001D0E3E /* CustomDynamicProgressView.swift in Sources */,
				7614C70B29A348E300C8DFE5 /* SmartWidgetManager.swift in Sources */,
				763EE8E029484CEA007420AB /* WidgetsApp.swift in Sources */,
			);
			runOnlyForDeploymentPostprocessing = 0;
		};
		76290B042947FA5D0015F41B /* Sources */ = {
			isa = PBXSourcesBuildPhase;
			buildActionMask = 2147483647;
			files = (
				7614C70C29A348EC00C8DFE5 /* SmartWidgetManager.swift in Sources */,
				76290B102947FA5D0015F41B /* ContentView.swift in Sources */,
				76290B0E2947FA5D0015F41B /* WidgetsApp.swift in Sources */,
			);
			runOnlyForDeploymentPostprocessing = 0;
		};
		763EE8E129484D79007420AB /* Sources */ = {
			isa = PBXSourcesBuildPhase;
			buildActionMask = 2147483647;
			files = (
				76D13B9729C1BF1D001D0E3E /* Extension.swift in Sources */,
				76CAD156296E7EA700159CF4 /* WidgetProvider.swift in Sources */,
				7614C71529A4916500C8DFE5 /* ContentViewFromWidget.swift in Sources */,
				76CAD15F296E7EE700159CF4 /* WidgetEntryView.swift in Sources */,
				7614C70D29A348ED00C8DFE5 /* SmartWidgetManager.swift in Sources */,
				763EE8F329484D7A007420AB /* DynamicIslandWidget.intentdefinition in Sources */,
				76D1373829B0709C001D0E3E /* SmartLiveManager.swift in Sources */,
				76CAD15C296E7ECE00159CF4 /* WidgetEntry.swift in Sources */,
				76CAD153296E7E3C00159CF4 /* SmartWidget.swift in Sources */,
				763EE8EA29484D79007420AB /* DynamicIslandWidgetBundle.swift in Sources */,
				7614C71A29A4946000C8DFE5 /* ContentViewFromDynamicIsland.swift in Sources */,
				76CAD16A296E81EC00159CF4 /* CodeGenerator.swift in Sources */,
				763EE8EC29484D79007420AB /* DynamicIslandWidgetLiveActivity.swift in Sources */,
			);
			runOnlyForDeploymentPostprocessing = 0;
		};
/* End PBXSourcesBuildPhase section */

/* Begin PBXTargetDependency section */
		7614C71229A3621800C8DFE5 /* PBXTargetDependency */ = {
			isa = PBXTargetDependency;
			target = 7614C70329A347D500C8DFE5 /* SmartWidgetManager */;
			targetProxy = 7614C71129A3621800C8DFE5 /* PBXContainerItemProxy */;
		};
		76290B0B2947FA5D0015F41B /* PBXTargetDependency */ = {
			isa = PBXTargetDependency;
			target = 76290B072947FA5D0015F41B /* Widgets Watch App */;
			targetProxy = 76290B0A2947FA5D0015F41B /* PBXContainerItemProxy */;
		};
		763EE8F629484D7A007420AB /* PBXTargetDependency */ = {
			isa = PBXTargetDependency;
			target = 763EE8E429484D79007420AB /* DynamicIslandWidgetExtension */;
			targetProxy = 763EE8F529484D7A007420AB /* PBXContainerItemProxy */;
		};
/* End PBXTargetDependency section */

/* Begin XCBuildConfiguration section */
		7614C70929A347D500C8DFE5 /* Debug */ = {
			isa = XCBuildConfiguration;
			buildSettings = {
				CODE_SIGN_STYLE = Automatic;
				DEVELOPMENT_TEAM = DL7DPUW7R9;
				FRAMEWORK_SEARCH_PATHS = (
					"$(inherited)",
					"$(PROJECT_DIR)/Widgets/SmartLib/Scrapping/COOCON/SASLibrary",
					"$(PROJECT_DIR)/Widgets/SmartLib/Scrapping/COOCON/Frameworks",
				);
				IPHONEOS_DEPLOYMENT_TARGET = 16.1;
				LIBRARY_SEARCH_PATHS = (
					"$(inherited)",
					"$(PROJECT_DIR)/Widgets/SmartLib/Scrapping/COOCON/SASKeySharp/lib",
					"$(PROJECT_DIR)/Widgets/SmartLib/Scrapping/COOCON/01.lib/libKeySharpCrypto",
					"$(PROJECT_DIR)/Widgets/SmartLib/Scrapping/COOCON/01.lib/libRSKSW2",
					"$(PROJECT_DIR)/Widgets/SmartLib/Scrapping/KeySharpiPhone_include",
					"$(PROJECT_DIR)/Widgets/SmartLib/Scrapping/SmartCipher",
					"$(PROJECT_DIR)/Widgets/SmartLib/Scrapping/KeySharpiPhoneICRP_include",
					"$(PROJECT_DIR)/Widgets/SmartLib/Scrapping/KISA_Crypto",
				);
				OTHER_LDFLAGS = "-ObjC";
				PRODUCT_NAME = "$(TARGET_NAME)";
				SDKROOT = iphoneos;
				SKIP_INSTALL = YES;
				SWIFT_VERSION = 5.0;
				TARGETED_DEVICE_FAMILY = "1,2";
			};
			name = Debug;
		};
		7614C70A29A347D500C8DFE5 /* Release */ = {
			isa = XCBuildConfiguration;
			buildSettings = {
				CODE_SIGN_STYLE = Automatic;
				DEVELOPMENT_TEAM = DL7DPUW7R9;
				FRAMEWORK_SEARCH_PATHS = (
					"$(inherited)",
					"$(PROJECT_DIR)/Widgets/SmartLib/Scrapping/COOCON/SASLibrary",
					"$(PROJECT_DIR)/Widgets/SmartLib/Scrapping/COOCON/Frameworks",
				);
				IPHONEOS_DEPLOYMENT_TARGET = 16.1;
				LIBRARY_SEARCH_PATHS = (
					"$(inherited)",
					"$(PROJECT_DIR)/Widgets/SmartLib/Scrapping/COOCON/SASKeySharp/lib",
					"$(PROJECT_DIR)/Widgets/SmartLib/Scrapping/COOCON/01.lib/libKeySharpCrypto",
					"$(PROJECT_DIR)/Widgets/SmartLib/Scrapping/COOCON/01.lib/libRSKSW2",
					"$(PROJECT_DIR)/Widgets/SmartLib/Scrapping/KeySharpiPhone_include",
					"$(PROJECT_DIR)/Widgets/SmartLib/Scrapping/SmartCipher",
					"$(PROJECT_DIR)/Widgets/SmartLib/Scrapping/KeySharpiPhoneICRP_include",
					"$(PROJECT_DIR)/Widgets/SmartLib/Scrapping/KISA_Crypto",
				);
				OTHER_LDFLAGS = "-ObjC";
				PRODUCT_NAME = "$(TARGET_NAME)";
				SDKROOT = iphoneos;
				SKIP_INSTALL = YES;
				SWIFT_VERSION = 5.0;
				TARGETED_DEVICE_FAMILY = "1,2";
				VALIDATE_PRODUCT = YES;
			};
			name = Release;
		};
		76290B162947FA5E0015F41B /* Debug */ = {
			isa = XCBuildConfiguration;
			buildSettings = {
				ALWAYS_SEARCH_USER_PATHS = NO;
				CLANG_ANALYZER_NONNULL = YES;
				CLANG_ANALYZER_NUMBER_OBJECT_CONVERSION = YES_AGGRESSIVE;
				CLANG_CXX_LANGUAGE_STANDARD = "gnu++20";
				CLANG_ENABLE_MODULES = YES;
				CLANG_ENABLE_OBJC_ARC = YES;
				CLANG_ENABLE_OBJC_WEAK = YES;
				CLANG_WARN_BLOCK_CAPTURE_AUTORELEASING = YES;
				CLANG_WARN_BOOL_CONVERSION = YES;
				CLANG_WARN_COMMA = YES;
				CLANG_WARN_CONSTANT_CONVERSION = YES;
				CLANG_WARN_DEPRECATED_OBJC_IMPLEMENTATIONS = YES;
				CLANG_WARN_DIRECT_OBJC_ISA_USAGE = YES_ERROR;
				CLANG_WARN_DOCUMENTATION_COMMENTS = YES;
				CLANG_WARN_EMPTY_BODY = YES;
				CLANG_WARN_ENUM_CONVERSION = YES;
				CLANG_WARN_INFINITE_RECURSION = YES;
				CLANG_WARN_INT_CONVERSION = YES;
				CLANG_WARN_NON_LITERAL_NULL_CONVERSION = YES;
				CLANG_WARN_OBJC_IMPLICIT_RETAIN_SELF = YES;
				CLANG_WARN_OBJC_LITERAL_CONVERSION = YES;
				CLANG_WARN_OBJC_ROOT_CLASS = YES_ERROR;
				CLANG_WARN_QUOTED_INCLUDE_IN_FRAMEWORK_HEADER = YES;
				CLANG_WARN_RANGE_LOOP_ANALYSIS = YES;
				CLANG_WARN_STRICT_PROTOTYPES = YES;
				CLANG_WARN_SUSPICIOUS_MOVE = YES;
				CLANG_WARN_UNGUARDED_AVAILABILITY = YES_AGGRESSIVE;
				CLANG_WARN_UNREACHABLE_CODE = YES;
				CLANG_WARN__DUPLICATE_METHOD_MATCH = YES;
				COPY_PHASE_STRIP = NO;
				DEBUG_INFORMATION_FORMAT = dwarf;
				ENABLE_STRICT_OBJC_MSGSEND = YES;
				ENABLE_TESTABILITY = YES;
				GCC_C_LANGUAGE_STANDARD = gnu11;
				GCC_DYNAMIC_NO_PIC = NO;
				GCC_NO_COMMON_BLOCKS = YES;
				GCC_OPTIMIZATION_LEVEL = 0;
				GCC_PREPROCESSOR_DEFINITIONS = (
					"DEBUG=1",
					"$(inherited)",
				);
				GCC_WARN_64_TO_32_BIT_CONVERSION = YES;
				GCC_WARN_ABOUT_RETURN_TYPE = YES_ERROR;
				GCC_WARN_UNDECLARED_SELECTOR = YES;
				GCC_WARN_UNINITIALIZED_AUTOS = YES_AGGRESSIVE;
				GCC_WARN_UNUSED_FUNCTION = YES;
				GCC_WARN_UNUSED_VARIABLE = YES;
				MTL_ENABLE_DEBUG_INFO = INCLUDE_SOURCE;
				MTL_FAST_MATH = YES;
				ONLY_ACTIVE_ARCH = YES;
				SWIFT_ACTIVE_COMPILATION_CONDITIONS = DEBUG;
				SWIFT_OPTIMIZATION_LEVEL = "-Onone";
			};
			name = Debug;
		};
		76290B172947FA5E0015F41B /* Release */ = {
			isa = XCBuildConfiguration;
			buildSettings = {
				ALWAYS_SEARCH_USER_PATHS = NO;
				CLANG_ANALYZER_NONNULL = YES;
				CLANG_ANALYZER_NUMBER_OBJECT_CONVERSION = YES_AGGRESSIVE;
				CLANG_CXX_LANGUAGE_STANDARD = "gnu++20";
				CLANG_ENABLE_MODULES = YES;
				CLANG_ENABLE_OBJC_ARC = YES;
				CLANG_ENABLE_OBJC_WEAK = YES;
				CLANG_WARN_BLOCK_CAPTURE_AUTORELEASING = YES;
				CLANG_WARN_BOOL_CONVERSION = YES;
				CLANG_WARN_COMMA = YES;
				CLANG_WARN_CONSTANT_CONVERSION = YES;
				CLANG_WARN_DEPRECATED_OBJC_IMPLEMENTATIONS = YES;
				CLANG_WARN_DIRECT_OBJC_ISA_USAGE = YES_ERROR;
				CLANG_WARN_DOCUMENTATION_COMMENTS = YES;
				CLANG_WARN_EMPTY_BODY = YES;
				CLANG_WARN_ENUM_CONVERSION = YES;
				CLANG_WARN_INFINITE_RECURSION = YES;
				CLANG_WARN_INT_CONVERSION = YES;
				CLANG_WARN_NON_LITERAL_NULL_CONVERSION = YES;
				CLANG_WARN_OBJC_IMPLICIT_RETAIN_SELF = YES;
				CLANG_WARN_OBJC_LITERAL_CONVERSION = YES;
				CLANG_WARN_OBJC_ROOT_CLASS = YES_ERROR;
				CLANG_WARN_QUOTED_INCLUDE_IN_FRAMEWORK_HEADER = YES;
				CLANG_WARN_RANGE_LOOP_ANALYSIS = YES;
				CLANG_WARN_STRICT_PROTOTYPES = YES;
				CLANG_WARN_SUSPICIOUS_MOVE = YES;
				CLANG_WARN_UNGUARDED_AVAILABILITY = YES_AGGRESSIVE;
				CLANG_WARN_UNREACHABLE_CODE = YES;
				CLANG_WARN__DUPLICATE_METHOD_MATCH = YES;
				COPY_PHASE_STRIP = NO;
				DEBUG_INFORMATION_FORMAT = "dwarf-with-dsym";
				ENABLE_NS_ASSERTIONS = NO;
				ENABLE_STRICT_OBJC_MSGSEND = YES;
				GCC_C_LANGUAGE_STANDARD = gnu11;
				GCC_NO_COMMON_BLOCKS = YES;
				GCC_WARN_64_TO_32_BIT_CONVERSION = YES;
				GCC_WARN_ABOUT_RETURN_TYPE = YES_ERROR;
				GCC_WARN_UNDECLARED_SELECTOR = YES;
				GCC_WARN_UNINITIALIZED_AUTOS = YES_AGGRESSIVE;
				GCC_WARN_UNUSED_FUNCTION = YES;
				GCC_WARN_UNUSED_VARIABLE = YES;
				MTL_ENABLE_DEBUG_INFO = NO;
				MTL_FAST_MATH = YES;
				SWIFT_COMPILATION_MODE = wholemodule;
				SWIFT_OPTIMIZATION_LEVEL = "-O";
			};
			name = Release;
		};
		76290B192947FA5E0015F41B /* Debug */ = {
			isa = XCBuildConfiguration;
			buildSettings = {
				ASSETCATALOG_COMPILER_APPICON_NAME = AppIcon;
				ASSETCATALOG_COMPILER_GLOBAL_ACCENT_COLOR_NAME = AccentColor;
				CODE_SIGN_STYLE = Automatic;
				CURRENT_PROJECT_VERSION = 1;
				DEVELOPMENT_ASSET_PATHS = "\"Widgets Watch App/Preview Content\"";
				DEVELOPMENT_TEAM = DL7DPUW7R9;
				ENABLE_PREVIEWS = YES;
				GENERATE_INFOPLIST_FILE = YES;
				INFOPLIST_KEY_CFBundleDisplayName = Widgets;
				INFOPLIST_KEY_UISupportedInterfaceOrientations = "UIInterfaceOrientationPortrait UIInterfaceOrientationPortraitUpsideDown";
				INFOPLIST_KEY_WKCompanionAppBundleIdentifier = com.webcash.Widgets;
				LD_RUNPATH_SEARCH_PATHS = (
					"$(inherited)",
					"@executable_path/Frameworks",
				);
				MARKETING_VERSION = 1.0;
				PRODUCT_BUNDLE_IDENTIFIER = com.webcash.Widgets.watchkitapp;
				PRODUCT_NAME = "$(TARGET_NAME)";
				SDKROOT = watchos;
				SKIP_INSTALL = YES;
				SWIFT_EMIT_LOC_STRINGS = YES;
				SWIFT_VERSION = 5.0;
				TARGETED_DEVICE_FAMILY = 4;
				WATCHOS_DEPLOYMENT_TARGET = 9.0;
			};
			name = Debug;
		};
		76290B1A2947FA5E0015F41B /* Release */ = {
			isa = XCBuildConfiguration;
			buildSettings = {
				ASSETCATALOG_COMPILER_APPICON_NAME = AppIcon;
				ASSETCATALOG_COMPILER_GLOBAL_ACCENT_COLOR_NAME = AccentColor;
				CODE_SIGN_STYLE = Automatic;
				CURRENT_PROJECT_VERSION = 1;
				DEVELOPMENT_ASSET_PATHS = "\"Widgets Watch App/Preview Content\"";
				DEVELOPMENT_TEAM = DL7DPUW7R9;
				ENABLE_PREVIEWS = YES;
				GENERATE_INFOPLIST_FILE = YES;
				INFOPLIST_KEY_CFBundleDisplayName = Widgets;
				INFOPLIST_KEY_UISupportedInterfaceOrientations = "UIInterfaceOrientationPortrait UIInterfaceOrientationPortraitUpsideDown";
				INFOPLIST_KEY_WKCompanionAppBundleIdentifier = com.webcash.Widgets;
				LD_RUNPATH_SEARCH_PATHS = (
					"$(inherited)",
					"@executable_path/Frameworks",
				);
				MARKETING_VERSION = 1.0;
				PRODUCT_BUNDLE_IDENTIFIER = com.webcash.Widgets.watchkitapp;
				PRODUCT_NAME = "$(TARGET_NAME)";
				SDKROOT = watchos;
				SKIP_INSTALL = YES;
				SWIFT_EMIT_LOC_STRINGS = YES;
				SWIFT_VERSION = 5.0;
				TARGETED_DEVICE_FAMILY = 4;
				VALIDATE_PRODUCT = YES;
				WATCHOS_DEPLOYMENT_TARGET = 9.0;
			};
			name = Release;
		};
		76290B1D2947FA5E0015F41B /* Debug */ = {
			isa = XCBuildConfiguration;
			buildSettings = {
				ALWAYS_EMBED_SWIFT_STANDARD_LIBRARIES = YES;
				ASSETCATALOG_COMPILER_APPICON_NAME = AppIcon;
				ASSETCATALOG_COMPILER_GLOBAL_ACCENT_COLOR_NAME = AccentColor;
				CODE_SIGN_ENTITLEMENTS = Widgets/Widgets.entitlements;
				CODE_SIGN_STYLE = Automatic;
				CURRENT_PROJECT_VERSION = 100;
				DEVELOPMENT_ASSET_PATHS = "\"Widgets/Preview Content\"";
				DEVELOPMENT_TEAM = DL7DPUW7R9;
				ENABLE_PREVIEWS = YES;
				FRAMEWORK_SEARCH_PATHS = (
					"$(inherited)",
					"$(PROJECT_DIR)/Widgets/SmartLib/KISA_Crypto/SecucenObfuscate",
					"$(PROJECT_DIR)/Widgets/SmartLib/Scrapping/COOCON/SASLibrary",
					"$(PROJECT_DIR)/Widgets/SmartLib/Scrapping/COOCON/Frameworks",
				);
				GENERATE_INFOPLIST_FILE = YES;
				INFOPLIST_FILE = Widgets/Info.plist;
				INFOPLIST_KEY_LSSupportsOpeningDocumentsInPlace = YES;
				INFOPLIST_KEY_NSSupportsLiveActivities = YES;
				INFOPLIST_KEY_UIApplicationSceneManifest_Generation = YES;
				INFOPLIST_KEY_UIApplicationSupportsIndirectInputEvents = YES;
				INFOPLIST_KEY_UILaunchScreen_Generation = YES;
				INFOPLIST_KEY_UIStatusBarStyle = "";
				INFOPLIST_KEY_UISupportedInterfaceOrientations = UIInterfaceOrientationPortrait;
				IPHONEOS_DEPLOYMENT_TARGET = 16.1;
				LD_RUNPATH_SEARCH_PATHS = (
					"$(inherited)",
					"@executable_path/Frameworks",
				);
				LIBRARY_SEARCH_PATHS = (
					"$(inherited)",
					"$(PROJECT_DIR)/Widgets/SmartLib/KISA_Crypto",
					"$(PROJECT_DIR)/Widgets/SmartLib/Scrapping/COOCON/SASKeySharp/lib",
					"$(PROJECT_DIR)/Widgets/SmartLib/Scrapping/COOCON/01.lib/libKeySharpCrypto",
					"$(PROJECT_DIR)/Widgets/SmartLib/Scrapping/COOCON/01.lib/libRSKSW2",
					"$(PROJECT_DIR)/Widgets/SmartLib/Scrapping/KeySharpiPhone_include",
					"$(PROJECT_DIR)/Widgets/SmartLib/Scrapping/SmartCipher",
					"$(PROJECT_DIR)/Widgets/SmartLib/Scrapping/KeySharpiPhoneICRP_include",
					"$(PROJECT_DIR)/Widgets/SmartLib/Scrapping/KISA_Crypto",
				);
				MARKETING_VERSION = 1.0.0;
				PRODUCT_BUNDLE_IDENTIFIER = com.webcash.Widgets;
				PRODUCT_NAME = "$(TARGET_NAME)";
				SDKROOT = iphoneos;
				SWIFT_EMIT_LOC_STRINGS = YES;
				SWIFT_VERSION = 5.0;
				TARGETED_DEVICE_FAMILY = "1,2";
			};
			name = Debug;
		};
		76290B1E2947FA5E0015F41B /* Release */ = {
			isa = XCBuildConfiguration;
			buildSettings = {
				ALWAYS_EMBED_SWIFT_STANDARD_LIBRARIES = YES;
				ASSETCATALOG_COMPILER_APPICON_NAME = AppIcon;
				ASSETCATALOG_COMPILER_GLOBAL_ACCENT_COLOR_NAME = AccentColor;
				CODE_SIGN_ENTITLEMENTS = Widgets/Widgets.entitlements;
				CODE_SIGN_STYLE = Automatic;
				CURRENT_PROJECT_VERSION = 100;
				DEVELOPMENT_ASSET_PATHS = "\"Widgets/Preview Content\"";
				DEVELOPMENT_TEAM = DL7DPUW7R9;
				ENABLE_PREVIEWS = YES;
				FRAMEWORK_SEARCH_PATHS = (
					"$(inherited)",
					"$(PROJECT_DIR)/Widgets/SmartLib/KISA_Crypto/SecucenObfuscate",
					"$(PROJECT_DIR)/Widgets/SmartLib/Scrapping/COOCON/SASLibrary",
					"$(PROJECT_DIR)/Widgets/SmartLib/Scrapping/COOCON/Frameworks",
				);
				GENERATE_INFOPLIST_FILE = YES;
				INFOPLIST_FILE = Widgets/Info.plist;
				INFOPLIST_KEY_LSSupportsOpeningDocumentsInPlace = YES;
				INFOPLIST_KEY_NSSupportsLiveActivities = YES;
				INFOPLIST_KEY_UIApplicationSceneManifest_Generation = YES;
				INFOPLIST_KEY_UIApplicationSupportsIndirectInputEvents = YES;
				INFOPLIST_KEY_UILaunchScreen_Generation = YES;
				INFOPLIST_KEY_UIStatusBarStyle = "";
				INFOPLIST_KEY_UISupportedInterfaceOrientations = UIInterfaceOrientationPortrait;
				IPHONEOS_DEPLOYMENT_TARGET = 16.1;
				LD_RUNPATH_SEARCH_PATHS = (
					"$(inherited)",
					"@executable_path/Frameworks",
				);
				LIBRARY_SEARCH_PATHS = (
					"$(inherited)",
					"$(PROJECT_DIR)/Widgets/SmartLib/KISA_Crypto",
					"$(PROJECT_DIR)/Widgets/SmartLib/Scrapping/COOCON/SASKeySharp/lib",
					"$(PROJECT_DIR)/Widgets/SmartLib/Scrapping/COOCON/01.lib/libKeySharpCrypto",
					"$(PROJECT_DIR)/Widgets/SmartLib/Scrapping/COOCON/01.lib/libRSKSW2",
					"$(PROJECT_DIR)/Widgets/SmartLib/Scrapping/KeySharpiPhone_include",
					"$(PROJECT_DIR)/Widgets/SmartLib/Scrapping/SmartCipher",
					"$(PROJECT_DIR)/Widgets/SmartLib/Scrapping/KeySharpiPhoneICRP_include",
					"$(PROJECT_DIR)/Widgets/SmartLib/Scrapping/KISA_Crypto",
				);
				MARKETING_VERSION = 1.0.0;
				PRODUCT_BUNDLE_IDENTIFIER = com.webcash.Widgets;
				PRODUCT_NAME = "$(TARGET_NAME)";
				SDKROOT = iphoneos;
				SWIFT_EMIT_LOC_STRINGS = YES;
				SWIFT_VERSION = 5.0;
				TARGETED_DEVICE_FAMILY = "1,2";
				VALIDATE_PRODUCT = YES;
			};
			name = Release;
		};
		763EE8F929484D7A007420AB /* Debug */ = {
			isa = XCBuildConfiguration;
			buildSettings = {
				ASSETCATALOG_COMPILER_GLOBAL_ACCENT_COLOR_NAME = AccentColor;
				ASSETCATALOG_COMPILER_WIDGET_BACKGROUND_COLOR_NAME = WidgetBackground;
				CODE_SIGN_ENTITLEMENTS = DynamicIslandWidgetExtension.entitlements;
				CODE_SIGN_STYLE = Automatic;
				CURRENT_PROJECT_VERSION = 1;
				DEVELOPMENT_TEAM = DL7DPUW7R9;
				FRAMEWORK_SEARCH_PATHS = (
					"$(inherited)",
					"$(PROJECT_DIR)/Widgets/SmartLib/Scrapping/COOCON/SASLibrary",
					"$(PROJECT_DIR)/Widgets/SmartLib/Scrapping/COOCON/Frameworks",
				);
				GENERATE_INFOPLIST_FILE = YES;
				INFOPLIST_FILE = DynamicIslandWidget/Info.plist;
				INFOPLIST_KEY_CFBundleDisplayName = DynamicIslandWidget;
				INFOPLIST_KEY_NSHumanReadableCopyright = "";
				IPHONEOS_DEPLOYMENT_TARGET = 16.1;
				LD_RUNPATH_SEARCH_PATHS = (
					"$(inherited)",
					"@executable_path/Frameworks",
					"@executable_path/../../Frameworks",
				);
				LIBRARY_SEARCH_PATHS = (
					"$(inherited)",
					"$(PROJECT_DIR)/Widgets/SmartLib/Scrapping/COOCON/SASKeySharp/lib",
					"$(PROJECT_DIR)/Widgets/SmartLib/Scrapping/COOCON/01.lib/libKeySharpCrypto",
					"$(PROJECT_DIR)/Widgets/SmartLib/Scrapping/COOCON/01.lib/libRSKSW2",
					"$(PROJECT_DIR)/Widgets/SmartLib/Scrapping/KeySharpiPhone_include",
					"$(PROJECT_DIR)/Widgets/SmartLib/Scrapping/SmartCipher",
					"$(PROJECT_DIR)/Widgets/SmartLib/Scrapping/KeySharpiPhoneICRP_include",
					"$(PROJECT_DIR)/Widgets/SmartLib/Scrapping/KISA_Crypto",
				);
				MARKETING_VERSION = 1.0;
				PRODUCT_BUNDLE_IDENTIFIER = com.webcash.Widgets.DynamicIslandWidget;
				PRODUCT_NAME = "$(TARGET_NAME)";
				SDKROOT = iphoneos;
				SKIP_INSTALL = YES;
				SWIFT_EMIT_LOC_STRINGS = YES;
				SWIFT_VERSION = 5.0;
				TARGETED_DEVICE_FAMILY = "1,2";
			};
			name = Debug;
		};
		763EE8FA29484D7A007420AB /* Release */ = {
			isa = XCBuildConfiguration;
			buildSettings = {
				ASSETCATALOG_COMPILER_GLOBAL_ACCENT_COLOR_NAME = AccentColor;
				ASSETCATALOG_COMPILER_WIDGET_BACKGROUND_COLOR_NAME = WidgetBackground;
				CODE_SIGN_ENTITLEMENTS = DynamicIslandWidgetExtension.entitlements;
				CODE_SIGN_STYLE = Automatic;
				CURRENT_PROJECT_VERSION = 1;
				DEVELOPMENT_TEAM = DL7DPUW7R9;
				FRAMEWORK_SEARCH_PATHS = (
					"$(inherited)",
					"$(PROJECT_DIR)/Widgets/SmartLib/Scrapping/COOCON/SASLibrary",
					"$(PROJECT_DIR)/Widgets/SmartLib/Scrapping/COOCON/Frameworks",
				);
				GENERATE_INFOPLIST_FILE = YES;
				INFOPLIST_FILE = DynamicIslandWidget/Info.plist;
				INFOPLIST_KEY_CFBundleDisplayName = DynamicIslandWidget;
				INFOPLIST_KEY_NSHumanReadableCopyright = "";
				IPHONEOS_DEPLOYMENT_TARGET = 16.1;
				LD_RUNPATH_SEARCH_PATHS = (
					"$(inherited)",
					"@executable_path/Frameworks",
					"@executable_path/../../Frameworks",
				);
				LIBRARY_SEARCH_PATHS = (
					"$(inherited)",
					"$(PROJECT_DIR)/Widgets/SmartLib/Scrapping/COOCON/SASKeySharp/lib",
					"$(PROJECT_DIR)/Widgets/SmartLib/Scrapping/COOCON/01.lib/libKeySharpCrypto",
					"$(PROJECT_DIR)/Widgets/SmartLib/Scrapping/COOCON/01.lib/libRSKSW2",
					"$(PROJECT_DIR)/Widgets/SmartLib/Scrapping/KeySharpiPhone_include",
					"$(PROJECT_DIR)/Widgets/SmartLib/Scrapping/SmartCipher",
					"$(PROJECT_DIR)/Widgets/SmartLib/Scrapping/KeySharpiPhoneICRP_include",
					"$(PROJECT_DIR)/Widgets/SmartLib/Scrapping/KISA_Crypto",
				);
				MARKETING_VERSION = 1.0;
				PRODUCT_BUNDLE_IDENTIFIER = com.webcash.Widgets.DynamicIslandWidget;
				PRODUCT_NAME = "$(TARGET_NAME)";
				SDKROOT = iphoneos;
				SKIP_INSTALL = YES;
				SWIFT_EMIT_LOC_STRINGS = YES;
				SWIFT_VERSION = 5.0;
				TARGETED_DEVICE_FAMILY = "1,2";
				VALIDATE_PRODUCT = YES;
			};
			name = Release;
		};
/* End XCBuildConfiguration section */

/* Begin XCConfigurationList section */
		7614C70829A347D500C8DFE5 /* Build configuration list for PBXNativeTarget "SmartWidgetManager" */ = {
			isa = XCConfigurationList;
			buildConfigurations = (
				7614C70929A347D500C8DFE5 /* Debug */,
				7614C70A29A347D500C8DFE5 /* Release */,
			);
			defaultConfigurationIsVisible = 0;
			defaultConfigurationName = Release;
		};
		76290AF32947FA5B0015F41B /* Build configuration list for PBXProject "Widgets" */ = {
			isa = XCConfigurationList;
			buildConfigurations = (
				76290B162947FA5E0015F41B /* Debug */,
				76290B172947FA5E0015F41B /* Release */,
			);
			defaultConfigurationIsVisible = 0;
			defaultConfigurationName = Release;
		};
		76290B182947FA5E0015F41B /* Build configuration list for PBXNativeTarget "Widgets Watch App" */ = {
			isa = XCConfigurationList;
			buildConfigurations = (
				76290B192947FA5E0015F41B /* Debug */,
				76290B1A2947FA5E0015F41B /* Release */,
			);
			defaultConfigurationIsVisible = 0;
			defaultConfigurationName = Release;
		};
		76290B1C2947FA5E0015F41B /* Build configuration list for PBXNativeTarget "Widgets" */ = {
			isa = XCConfigurationList;
			buildConfigurations = (
				76290B1D2947FA5E0015F41B /* Debug */,
				76290B1E2947FA5E0015F41B /* Release */,
			);
			defaultConfigurationIsVisible = 0;
			defaultConfigurationName = Release;
		};
		763EE8F829484D7A007420AB /* Build configuration list for PBXNativeTarget "DynamicIslandWidgetExtension" */ = {
			isa = XCConfigurationList;
			buildConfigurations = (
				763EE8F929484D7A007420AB /* Debug */,
				763EE8FA29484D7A007420AB /* Release */,
			);
			defaultConfigurationIsVisible = 0;
			defaultConfigurationName = Release;
		};
/* End XCConfigurationList section */
	};
	rootObject = 76290AF02947FA5B0015F41B /* Project object */;
}
